{
  "nodes": {
    "crane": {
      "locked": {
        "lastModified": 1759893430,
        "narHash": "sha256-yAy4otLYm9iZ+NtQwTMEbqHwswSFUbhn7x826RR6djw=",
        "owner": "ipetkov",
        "repo": "crane",
        "rev": "1979a2524cb8c801520bd94c38bb3d5692419d93",
        "type": "github"
      },
      "original": {
        "owner": "ipetkov",
        "repo": "crane",
        "type": "github"
      }
    },
    "fjordlauncher": {
      "inputs": {
        "libnbtplusplus": "libnbtplusplus",
        "nixpkgs": "nixpkgs"
      },
      "locked": {
        "lastModified": 1760668060,
        "narHash": "sha256-bViAPuU8nPDcFjxLuAdIRwQ7qqcGMoAjjG8a8q6jW9c=",
        "owner": "unmojang",
        "repo": "fjordlauncher",
        "rev": "9b6591dcfef0c8334c5b6df19f62a26d575cef12",
        "type": "github"
      },
      "original": {
        "owner": "unmojang",
        "repo": "fjordlauncher",
        "type": "github"
      }
    },
    "flake-compat": {
      "locked": {
        "lastModified": 1761588595,
        "narHash": "sha256-XKUZz9zewJNUj46b4AJdiRZJAvSZ0Dqj2BNfXvFlJC4=",
        "owner": "edolstra",
        "repo": "flake-compat",
        "rev": "f387cd2afec9419c8ee37694406ca490c3f34ee5",
        "type": "github"
      },
      "original": {
        "owner": "edolstra",
        "repo": "flake-compat",
        "type": "github"
      }
    },
    "flake-compat_2": {
      "flake": false,
      "locked": {
        "lastModified": 1761588595,
        "narHash": "sha256-XKUZz9zewJNUj46b4AJdiRZJAvSZ0Dqj2BNfXvFlJC4=",
        "owner": "edolstra",
        "repo": "flake-compat",
        "rev": "f387cd2afec9419c8ee37694406ca490c3f34ee5",
        "type": "github"
      },
      "original": {
        "owner": "edolstra",
        "repo": "flake-compat",
        "type": "github"
      }
    },
    "home-manager": {
      "inputs": {
        "nixpkgs": [
          "nixpkgs"
        ]
      },
      "locked": {
        "lastModified": 1762964643,
        "narHash": "sha256-RYHN8O/Aja59XDji6WSJZPkJpYVUfpSkyH+PEupBJqM=",
        "owner": "nix-community",
        "repo": "home-manager",
        "rev": "827f2a23373a774a8805f84ca5344654c31f354b",
        "type": "github"
      },
      "original": {
        "owner": "nix-community",
        "repo": "home-manager",
        "type": "github"
      }
    },
    "libnbtplusplus": {
      "flake": false,
      "locked": {
        "lastModified": 1699286814,
        "narHash": "sha256-yy0q+bky80LtK1GWzz7qpM+aAGrOqLuewbid8WT1ilk=",
        "owner": "PrismLauncher",
        "repo": "libnbtplusplus",
        "rev": "23b955121b8217c1c348a9ed2483167a6f3ff4ad",
        "type": "github"
      },
      "original": {
        "owner": "PrismLauncher",
        "repo": "libnbtplusplus",
        "type": "github"
      }
    },
    "nix-alien": {
      "inputs": {
        "flake-compat": "flake-compat",
        "nix-index-database": "nix-index-database",
        "nixpkgs": "nixpkgs_2"
      },
      "locked": {
        "lastModified": 1762007860,
        "narHash": "sha256-wDaM4D0Fqt0nCoFbZsi3mtAkIzzsbGdmuj+356KHEvU=",
        "owner": "thiagokokada",
        "repo": "nix-alien",
        "rev": "2c770275b2fb78c813a52a4d52ba2d27789d8ec3",
        "type": "github"
      },
      "original": {
        "owner": "thiagokokada",
        "repo": "nix-alien",
        "type": "github"
      }
    },
    "nix-index-database": {
      "inputs": {
        "nixpkgs": [
          "nix-alien",
          "nixpkgs"
        ]
      },
      "locked": {
        "lastModified": 1761451000,
        "narHash": "sha256-qBJL6xEIjqYq9zOcG2vf2nPTeVBppNJzvO0LuQWMwMo=",
        "owner": "nix-community",
        "repo": "nix-index-database",
        "rev": "ed6b293161b378a7368cda38659eb8d3d9a0dac4",
        "type": "github"
      },
      "original": {
        "owner": "nix-community",
        "repo": "nix-index-database",
        "type": "github"
      }
    },
    "nix-ld": {
      "inputs": {
        "nixpkgs": [
          "nixpkgs"
        ]
      },
      "locked": {
        "lastModified": 1762763360,
        "narHash": "sha256-sGxV5zfmy/s9V+/QA0q2ihCu0FZcKVraFuVKiUavGg8=",
        "owner": "Mic92",
        "repo": "nix-ld",
        "rev": "b6255fb02dfe52ac5ebb515e99ed12b74163db5a",
        "type": "github"
      },
      "original": {
        "owner": "Mic92",
        "repo": "nix-ld",
        "type": "github"
      }
    },
    "nixos-wsl": {
      "inputs": {
        "flake-compat": "flake-compat_2",
        "nixpkgs": "nixpkgs_3"
      },
      "locked": {
        "lastModified": 1762908663,
        "narHash": "sha256-HqdYfzBaidYX+EYAcXDFCggXJPZBv2fusMwhc7/4+cI=",
        "owner": "nix-community",
        "repo": "NixOS-WSL",
        "rev": "debc562c48c445f9f08778ecb9fc6b35197623ad",
        "type": "github"
      },
      "original": {
        "owner": "nix-community",
        "ref": "main",
        "repo": "NixOS-WSL",
        "type": "github"
      }
    },
    "nixpkgs": {
      "locked": {
        "lastModified": 1743583204,
        "narHash": "sha256-F7n4+KOIfWrwoQjXrL2wD9RhFYLs2/GGe/MQY1sSdlE=",
        "owner": "NixOS",
        "repo": "nixpkgs",
        "rev": "2c8d3f48d33929642c1c12cd243df4cc7d2ce434",
        "type": "github"
      },
      "original": {
        "owner": "NixOS",
        "ref": "nixos-unstable",
        "repo": "nixpkgs",
        "type": "github"
      }
    },
    "nixpkgs_2": {
      "locked": {
        "lastModified": 1761907660,
        "narHash": "sha256-kJ8lIZsiPOmbkJypG+B5sReDXSD1KGu2VEPNqhRa/ew=",
        "owner": "NixOS",
        "repo": "nixpkgs",
        "rev": "2fb006b87f04c4d3bdf08cfdbc7fab9c13d94a15",
        "type": "github"
      },
      "original": {
        "owner": "NixOS",
        "ref": "nixos-unstable",
        "repo": "nixpkgs",
        "type": "github"
      }
    },
    "nixpkgs_3": {
      "locked": {
        "lastModified": 1762596750,
        "narHash": "sha256-rXXuz51Bq7DHBlfIjN7jO8Bu3du5TV+3DSADBX7/9YQ=",
        "owner": "NixOS",
        "repo": "nixpkgs",
        "rev": "b6a8526db03f735b89dd5ff348f53f752e7ddc8e",
        "type": "github"
      },
      "original": {
        "owner": "NixOS",
        "ref": "nixos-unstable",
        "repo": "nixpkgs",
        "type": "github"
      }
    },
    "nixpkgs_4": {
      "locked": {
        "lastModified": 1762844143,
        "narHash": "sha256-SlybxLZ1/e4T2lb1czEtWVzDCVSTvk9WLwGhmxFmBxI=",
        "owner": "nixos",
        "repo": "nixpkgs",
        "rev": "9da7f1cf7f8a6e2a7cb3001b048546c92a8258b4",
        "type": "github"
      },
      "original": {
        "owner": "nixos",
        "ref": "nixos-unstable",
        "repo": "nixpkgs",
        "type": "github"
      }
    },
    "nixpkgs_5": {
      "locked": {
        "lastModified": 1760965567,
        "narHash": "sha256-0JDOal5P7xzzAibvD0yTE3ptyvoVOAL0rcELmDdtSKg=",
        "owner": "NixOS",
        "repo": "nixpkgs",
        "rev": "cb82756ecc37fa623f8cf3e88854f9bf7f64af93",
        "type": "github"
      },
      "original": {
        "owner": "NixOS",
        "ref": "nixpkgs-unstable",
        "repo": "nixpkgs",
        "type": "github"
      }
    },
    "nu-batteries-src": {
      "flake": false,
      "locked": {
        "lastModified": 1760054757,
        "narHash": "sha256-pFKGR1QDKuLc8F53H5hQjP/+NeYPJpIu/MGCSjS3iLk=",
        "owner": "nome",
        "repo": "nu-batteries",
        "rev": "187797585d9f4dd6a2b696d0572eb2b2f2aacd23",
        "type": "github"
      },
      "original": {
        "owner": "nome",
        "repo": "nu-batteries",
        "type": "github"
      }
    },
    "nushell-src": {
      "flake": false,
      "locked": {
        "lastModified": 1762817893,
        "narHash": "sha256-cWYK+A9ASO7vzNJHmYMyNpQ+AkIsAYp+O7ICYBocFC8=",
        "owner": "nushell",
        "repo": "nushell",
        "rev": "853de6a812e7876897b07ac4f4cc18ea160f59bd",
        "type": "github"
      },
      "original": {
        "owner": "nushell",
        "repo": "nushell",
        "type": "github"
      }
    },
    "nushellWith": {
      "inputs": {
        "crane": "crane",
        "nixpkgs": "nixpkgs_5",
        "nu-batteries-src": "nu-batteries-src",
        "nushell-src": "nushell-src",
        "webserver-nu-src": "webserver-nu-src"
      },
      "locked": {
        "lastModified": 1762907372,
        "narHash": "sha256-SSEpLoB5k75MnCweykTNZcpN9R3ZARZXJ3nzkZPfzXw=",
        "owner": "YPares",
        "repo": "nushellWith",
        "rev": "de3d6850a261ddf46dce7e42b2d80e917172c5b1",
        "type": "github"
      },
      "original": {
        "owner": "YPares",
        "ref": "nu-nightly",
        "repo": "nushellWith",
        "type": "github"
      }
    },
    "root": {
      "inputs": {
        "fjordlauncher": "fjordlauncher",
        "home-manager": "home-manager",
        "nix-alien": "nix-alien",
        "nix-ld": "nix-ld",
        "nixos-wsl": "nixos-wsl",
        "nixpkgs": "nixpkgs_4",
        "nushellWith": "nushellWith"
      }
    },
    "webserver-nu-src": {
      "flake": false,
      "locked": {
        "lastModified": 1748017303,
        "narHash": "sha256-s6FBAD50VUKd68rGBaMwTCKwExfZpUmCzyBoguqWNeQ=",
        "owner": "Jan9103",
        "repo": "webserver.nu",
        "rev": "24820fea036d060e9c48fd2384dcd0d7e4889fb3",
        "type": "github"
      },
      "original": {
        "owner": "Jan9103",
        "repo": "webserver.nu",
        "type": "github"
      }
    }
  },
  "root": "root",
  "version": 7
}
